// !$*UTF8*$!
{
	archiveVersion = 1;
	classes = {
	};
	objectVersion = 56;
	objects = {

/* Begin PBXBuildFile section */
		C11CDFA82900E78000940210 /* EmoticonViewAppApp.swift in Sources */ = {isa = PBXBuildFile; fileRef = C11CDFA72900E78000940210 /* EmoticonViewAppApp.swift */; };
		C11CDFAC2900E78100940210 /* Assets.xcassets in Resources */ = {isa = PBXBuildFile; fileRef = C11CDFAB2900E78100940210 /* Assets.xcassets */; };
		C11CDFAF2900E78100940210 /* Preview Assets.xcassets in Resources */ = {isa = PBXBuildFile; fileRef = C11CDFAE2900E78100940210 /* Preview Assets.xcassets */; };
		C11CDFB62900E7C200940210 /* emoticon.json in Resources */ = {isa = PBXBuildFile; fileRef = C11CDFB52900E7C200940210 /* emoticon.json */; };
		C11CDFB82900E7EE00940210 /* MainView.swift in Sources */ = {isa = PBXBuildFile; fileRef = C11CDFB72900E7EE00940210 /* MainView.swift */; };
		C11CDFBA2900E86D00940210 /* EmoticonModel.swift in Sources */ = {isa = PBXBuildFile; fileRef = C11CDFB92900E86D00940210 /* EmoticonModel.swift */; };
		C11CDFBC2900EAE500940210 /* EmoticonViewModel.swift in Sources */ = {isa = PBXBuildFile; fileRef = C11CDFBB2900EAE500940210 /* EmoticonViewModel.swift */; };
		C11CDFBE2900EB1F00940210 /* EmoticonView.swift in Sources */ = {isa = PBXBuildFile; fileRef = C11CDFBD2900EB1F00940210 /* EmoticonView.swift */; };
		C11CDFC0290128E800940210 /* EmojiView.swift in Sources */ = {isa = PBXBuildFile; fileRef = C11CDFBF290128E800940210 /* EmojiView.swift */; };
		C11CDFC32901319900940210 /* SDWebImageSwiftUI in Frameworks */ = {isa = PBXBuildFile; productRef = C11CDFC22901319900940210 /* SDWebImageSwiftUI */; };
		C1227BB829061DF4004D00E8 /* UIScrollViewWrapper.swift in Sources */ = {isa = PBXBuildFile; fileRef = C1227BB729061DF4004D00E8 /* UIScrollViewWrapper.swift */; };
		C1227BBA290628CA004D00E8 /* Define.swift in Sources */ = {isa = PBXBuildFile; fileRef = C1227BB9290628CA004D00E8 /* Define.swift */; };
		C1227BBC29062C50004D00E8 /* emoticon_detail.json in Resources */ = {isa = PBXBuildFile; fileRef = C1227BBB29062C50004D00E8 /* emoticon_detail.json */; };
		C195AF182907ECDD00C58BC7 /* WorkoutView.swift in Sources */ = {isa = PBXBuildFile; fileRef = C195AF172907ECDD00C58BC7 /* WorkoutView.swift */; };
/* End PBXBuildFile section */

/* Begin PBXFileReference section */
		C11CDFA42900E78000940210 /* EmoticonViewApp.app */ = {isa = PBXFileReference; explicitFileType = wrapper.application; includeInIndex = 0; path = EmoticonViewApp.app; sourceTree = BUILT_PRODUCTS_DIR; };
		C11CDFA72900E78000940210 /* EmoticonViewAppApp.swift */ = {isa = PBXFileReference; lastKnownFileType = sourcecode.swift; path = EmoticonViewAppApp.swift; sourceTree = "<group>"; };
		C11CDFAB2900E78100940210 /* Assets.xcassets */ = {isa = PBXFileReference; lastKnownFileType = folder.assetcatalog; path = Assets.xcassets; sourceTree = "<group>"; };
		C11CDFAE2900E78100940210 /* Preview Assets.xcassets */ = {isa = PBXFileReference; lastKnownFileType = folder.assetcatalog; path = "Preview Assets.xcassets"; sourceTree = "<group>"; };
		C11CDFB52900E7C200940210 /* emoticon.json */ = {isa = PBXFileReference; lastKnownFileType = text.json; path = emoticon.json; sourceTree = "<group>"; };
		C11CDFB72900E7EE00940210 /* MainView.swift */ = {isa = PBXFileReference; lastKnownFileType = sourcecode.swift; path = MainView.swift; sourceTree = "<group>"; };
		C11CDFB92900E86D00940210 /* EmoticonModel.swift */ = {isa = PBXFileReference; lastKnownFileType = sourcecode.swift; path = EmoticonModel.swift; sourceTree = "<group>"; };
		C11CDFBB2900EAE500940210 /* EmoticonViewModel.swift */ = {isa = PBXFileReference; lastKnownFileType = sourcecode.swift; path = EmoticonViewModel.swift; sourceTree = "<group>"; };
		C11CDFBD2900EB1F00940210 /* EmoticonView.swift */ = {isa = PBXFileReference; lastKnownFileType = sourcecode.swift; path = EmoticonView.swift; sourceTree = "<group>"; };
		C11CDFBF290128E800940210 /* EmojiView.swift */ = {isa = PBXFileReference; lastKnownFileType = sourcecode.swift; path = EmojiView.swift; sourceTree = "<group>"; };
		C1227BB729061DF4004D00E8 /* UIScrollViewWrapper.swift */ = {isa = PBXFileReference; lastKnownFileType = sourcecode.swift; path = UIScrollViewWrapper.swift; sourceTree = "<group>"; };
		C1227BB9290628CA004D00E8 /* Define.swift */ = {isa = PBXFileReference; lastKnownFileType = sourcecode.swift; path = Define.swift; sourceTree = "<group>"; };
		C1227BBB29062C50004D00E8 /* emoticon_detail.json */ = {isa = PBXFileReference; lastKnownFileType = text.json; path = emoticon_detail.json; sourceTree = "<group>"; };
		C1227BBD29062E09004D00E8 /* Info.plist */ = {isa = PBXFileReference; lastKnownFileType = text.plist; path = Info.plist; sourceTree = "<group>"; };
		C195AF172907ECDD00C58BC7 /* WorkoutView.swift */ = {isa = PBXFileReference; lastKnownFileType = sourcecode.swift; path = WorkoutView.swift; sourceTree = "<group>"; };
/* End PBXFileReference section */

/* Begin PBXFrameworksBuildPhase section */
		C11CDFA12900E78000940210 /* Frameworks */ = {
			isa = PBXFrameworksBuildPhase;
			buildActionMask = 2147483647;
			files = (
				C11CDFC32901319900940210 /* SDWebImageSwiftUI in Frameworks */,
			);
			runOnlyForDeploymentPostprocessing = 0;
		};
/* End PBXFrameworksBuildPhase section */

/* Begin PBXGroup section */
		C11CDF9B2900E78000940210 = {
			isa = PBXGroup;
			children = (
				C11CDFA62900E78000940210 /* EmoticonViewApp */,
				C11CDFA52900E78000940210 /* Products */,
			);
			sourceTree = "<group>";
		};
		C11CDFA52900E78000940210 /* Products */ = {
			isa = PBXGroup;
			children = (
				C11CDFA42900E78000940210 /* EmoticonViewApp.app */,
			);
			name = Products;
			sourceTree = "<group>";
		};
		C11CDFA62900E78000940210 /* EmoticonViewApp */ = {
			isa = PBXGroup;
			children = (
				C1227BBD29062E09004D00E8 /* Info.plist */,
				C11CDFA72900E78000940210 /* EmoticonViewAppApp.swift */,
				C11CDFB72900E7EE00940210 /* MainView.swift */,
				C11CDFBF290128E800940210 /* EmojiView.swift */,
				C11CDFBD2900EB1F00940210 /* EmoticonView.swift */,
				C195AF172907ECDD00C58BC7 /* WorkoutView.swift */,
				C11CDFB92900E86D00940210 /* EmoticonModel.swift */,
				C11CDFBB2900EAE500940210 /* EmoticonViewModel.swift */,
				C1227BB729061DF4004D00E8 /* UIScrollViewWrapper.swift */,
				C1227BB9290628CA004D00E8 /* Define.swift */,
				C11CDFB52900E7C200940210 /* emoticon.json */,
				C1227BBB29062C50004D00E8 /* emoticon_detail.json */,
				C11CDFAB2900E78100940210 /* Assets.xcassets */,
				C11CDFAD2900E78100940210 /* Preview Content */,
			);
			path = EmoticonViewApp;
			sourceTree = "<group>";
		};
		C11CDFAD2900E78100940210 /* Preview Content */ = {
			isa = PBXGroup;
			children = (
				C11CDFAE2900E78100940210 /* Preview Assets.xcassets */,
			);
			path = "Preview Content";
			sourceTree = "<group>";
		};
/* End PBXGroup section */

/* Begin PBXNativeTarget section */
		C11CDFA32900E78000940210 /* EmoticonViewApp */ = {
			isa = PBXNativeTarget;
			buildConfigurationList = C11CDFB22900E78100940210 /* Build configuration list for PBXNativeTarget "EmoticonViewApp" */;
			buildPhases = (
				C11CDFA02900E78000940210 /* Sources */,
				C11CDFA12900E78000940210 /* Frameworks */,
				C11CDFA22900E78000940210 /* Resources */,
			);
			buildRules = (
			);
			dependencies = (
			);
			name = EmoticonViewApp;
			packageProductDependencies = (
				C11CDFC22901319900940210 /* SDWebImageSwiftUI */,
			);
			productName = EmoticonViewApp;
			productReference = C11CDFA42900E78000940210 /* EmoticonViewApp.app */;
			productType = "com.apple.product-type.application";
		};
/* End PBXNativeTarget section */

/* Begin PBXProject section */
		C11CDF9C2900E78000940210 /* Project object */ = {
			isa = PBXProject;
			attributes = {
				BuildIndependentTargetsInParallel = 1;
				LastSwiftUpdateCheck = 1400;
				LastUpgradeCheck = 1400;
				TargetAttributes = {
					C11CDFA32900E78000940210 = {
						CreatedOnToolsVersion = 14.0.1;
					};
				};
			};
			buildConfigurationList = C11CDF9F2900E78000940210 /* Build configuration list for PBXProject "EmoticonViewApp" */;
			compatibilityVersion = "Xcode 14.0";
			developmentRegion = en;
			hasScannedForEncodings = 0;
			knownRegions = (
				en,
				Base,
			);
			mainGroup = C11CDF9B2900E78000940210;
			packageReferences = (
				C11CDFC12901319900940210 /* XCRemoteSwiftPackageReference "SDWebImageSwiftUI" */,
			);
			productRefGroup = C11CDFA52900E78000940210 /* Products */;
			projectDirPath = "";
			projectRoot = "";
			targets = (
				C11CDFA32900E78000940210 /* EmoticonViewApp */,
			);
		};
/* End PBXProject section */

/* Begin PBXResourcesBuildPhase section */
		C11CDFA22900E78000940210 /* Resources */ = {
			isa = PBXResourcesBuildPhase;
			buildActionMask = 2147483647;
			files = (
				C1227BBC29062C50004D00E8 /* emoticon_detail.json in Resources */,
				C11CDFB62900E7C200940210 /* emoticon.json in Resources */,
				C11CDFAF2900E78100940210 /* Preview Assets.xcassets in Resources */,
				C11CDFAC2900E78100940210 /* Assets.xcassets in Resources */,
			);
			runOnlyForDeploymentPostprocessing = 0;
		};
/* End PBXResourcesBuildPhase section */

/* Begin PBXSourcesBuildPhase section */
		C11CDFA02900E78000940210 /* Sources */ = {
			isa = PBXSourcesBuildPhase;
			buildActionMask = 2147483647;
			files = (
				C11CDFBC2900EAE500940210 /* EmoticonViewModel.swift in Sources */,
				C1227BB829061DF4004D00E8 /* UIScrollViewWrapper.swift in Sources */,
				C1227BBA290628CA004D00E8 /* Define.swift in Sources */,
				C195AF182907ECDD00C58BC7 /* WorkoutView.swift in Sources */,
				C11CDFBA2900E86D00940210 /* EmoticonModel.swift in Sources */,
				C11CDFB82900E7EE00940210 /* MainView.swift in Sources */,
				C11CDFBE2900EB1F00940210 /* EmoticonView.swift in Sources */,
				C11CDFA82900E78000940210 /* EmoticonViewAppApp.swift in Sources */,
				C11CDFC0290128E800940210 /* EmojiView.swift in Sources */,
			);
			runOnlyForDeploymentPostprocessing = 0;
		};
/* End PBXSourcesBuildPhase section */

/* Begin XCBuildConfiguration section */
		C11CDFB02900E78100940210 /* Debug */ = {
			isa = XCBuildConfiguration;
			buildSettings = {
				ALWAYS_SEARCH_USER_PATHS = NO;
				CLANG_ANALYZER_NONNULL = YES;
				CLANG_ANALYZER_NUMBER_OBJECT_CONVERSION = YES_AGGRESSIVE;
				CLANG_CXX_LANGUAGE_STANDARD = "gnu++20";
				CLANG_ENABLE_MODULES = YES;
				CLANG_ENABLE_OBJC_ARC = YES;
				CLANG_ENABLE_OBJC_WEAK = YES;
				CLANG_WARN_BLOCK_CAPTURE_AUTORELEASING = YES;
				CLANG_WARN_BOOL_CONVERSION = YES;
				CLANG_WARN_COMMA = YES;
				CLANG_WARN_CONSTANT_CONVERSION = YES;
				CLANG_WARN_DEPRECATED_OBJC_IMPLEMENTATIONS = YES;
				CLANG_WARN_DIRECT_OBJC_ISA_USAGE = YES_ERROR;
				CLANG_WARN_DOCUMENTATION_COMMENTS = YES;
				CLANG_WARN_EMPTY_BODY = YES;
				CLANG_WARN_ENUM_CONVERSION = YES;
				CLANG_WARN_INFINITE_RECURSION = YES;
				CLANG_WARN_INT_CONVERSION = YES;
				CLANG_WARN_NON_LITERAL_NULL_CONVERSION = YES;
				CLANG_WARN_OBJC_IMPLICIT_RETAIN_SELF = YES;
				CLANG_WARN_OBJC_LITERAL_CONVERSION = YES;
				CLANG_WARN_OBJC_ROOT_CLASS = YES_ERROR;
				CLANG_WARN_QUOTED_INCLUDE_IN_FRAMEWORK_HEADER = YES;
				CLANG_WARN_RANGE_LOOP_ANALYSIS = YES;
				CLANG_WARN_STRICT_PROTOTYPES = YES;
				CLANG_WARN_SUSPICIOUS_MOVE = YES;
				CLANG_WARN_UNGUARDED_AVAILABILITY = YES_AGGRESSIVE;
				CLANG_WARN_UNREACHABLE_CODE = YES;
				CLANG_WARN__DUPLICATE_METHOD_MATCH = YES;
				COPY_PHASE_STRIP = NO;
				DEBUG_INFORMATION_FORMAT = dwarf;
				ENABLE_STRICT_OBJC_MSGSEND = YES;
				ENABLE_TESTABILITY = YES;
				GCC_C_LANGUAGE_STANDARD = gnu11;
				GCC_DYNAMIC_NO_PIC = NO;
				GCC_NO_COMMON_BLOCKS = YES;
				GCC_OPTIMIZATION_LEVEL = 0;
				GCC_PREPROCESSOR_DEFINITIONS = (
					"DEBUG=1",
					"$(inherited)",
				);
				GCC_WARN_64_TO_32_BIT_CONVERSION = YES;
				GCC_WARN_ABOUT_RETURN_TYPE = YES_ERROR;
				GCC_WARN_UNDECLARED_SELECTOR = YES;
				GCC_WARN_UNINITIALIZED_AUTOS = YES_AGGRESSIVE;
				GCC_WARN_UNUSED_FUNCTION = YES;
				GCC_WARN_UNUSED_VARIABLE = YES;
				IPHONEOS_DEPLOYMENT_TARGET = 16.0;
				MTL_ENABLE_DEBUG_INFO = INCLUDE_SOURCE;
				MTL_FAST_MATH = YES;
				ONLY_ACTIVE_ARCH = YES;
				SDKROOT = iphoneos;
				SWIFT_ACTIVE_COMPILATION_CONDITIONS = DEBUG;
				SWIFT_OPTIMIZATION_LEVEL = "-Onone";
			};
			name = Debug;
		};
		C11CDFB12900E78100940210 /* Release */ = {
			isa = XCBuildConfiguration;
			buildSettings = {
				ALWAYS_SEARCH_USER_PATHS = NO;
				CLANG_ANALYZER_NONNULL = YES;
				CLANG_ANALYZER_NUMBER_OBJECT_CONVERSION = YES_AGGRESSIVE;
				CLANG_CXX_LANGUAGE_STANDARD = "gnu++20";
				CLANG_ENABLE_MODULES = YES;
				CLANG_ENABLE_OBJC_ARC = YES;
				CLANG_ENABLE_OBJC_WEAK = YES;
				CLANG_WARN_BLOCK_CAPTURE_AUTORELEASING = YES;
				CLANG_WARN_BOOL_CONVERSION = YES;
				CLANG_WARN_COMMA = YES;
				CLANG_WARN_CONSTANT_CONVERSION = YES;
				CLANG_WARN_DEPRECATED_OBJC_IMPLEMENTATIONS = YES;
				CLANG_WARN_DIRECT_OBJC_ISA_USAGE = YES_ERROR;
				CLANG_WARN_DOCUMENTATION_COMMENTS = YES;
				CLANG_WARN_EMPTY_BODY = YES;
				CLANG_WARN_ENUM_CONVERSION = YES;
				CLANG_WARN_INFINITE_RECURSION = YES;
				CLANG_WARN_INT_CONVERSION = YES;
				CLANG_WARN_NON_LITERAL_NULL_CONVERSION = YES;
				CLANG_WARN_OBJC_IMPLICIT_RETAIN_SELF = YES;
				CLANG_WARN_OBJC_LITERAL_CONVERSION = YES;
				CLANG_WARN_OBJC_ROOT_CLASS = YES_ERROR;
				CLANG_WARN_QUOTED_INCLUDE_IN_FRAMEWORK_HEADER = YES;
				CLANG_WARN_RANGE_LOOP_ANALYSIS = YES;
				CLANG_WARN_STRICT_PROTOTYPES = YES;
				CLANG_WARN_SUSPICIOUS_MOVE = YES;
				CLANG_WARN_UNGUARDED_AVAILABILITY = YES_AGGRESSIVE;
				CLANG_WARN_UNREACHABLE_CODE = YES;
				CLANG_WARN__DUPLICATE_METHOD_MATCH = YES;
				COPY_PHASE_STRIP = NO;
				DEBUG_INFORMATION_FORMAT = "dwarf-with-dsym";
				ENABLE_NS_ASSERTIONS = NO;
				ENABLE_STRICT_OBJC_MSGSEND = YES;
				GCC_C_LANGUAGE_STANDARD = gnu11;
				GCC_NO_COMMON_BLOCKS = YES;
				GCC_WARN_64_TO_32_BIT_CONVERSION = YES;
				GCC_WARN_ABOUT_RETURN_TYPE = YES_ERROR;
				GCC_WARN_UNDECLARED_SELECTOR = YES;
				GCC_WARN_UNINITIALIZED_AUTOS = YES_AGGRESSIVE;
				GCC_WARN_UNUSED_FUNCTION = YES;
				GCC_WARN_UNUSED_VARIABLE = YES;
				IPHONEOS_DEPLOYMENT_TARGET = 16.0;
				MTL_ENABLE_DEBUG_INFO = NO;
				MTL_FAST_MATH = YES;
				SDKROOT = iphoneos;
				SWIFT_COMPILATION_MODE = wholemodule;
				SWIFT_OPTIMIZATION_LEVEL = "-O";
				VALIDATE_PRODUCT = YES;
			};
			name = Release;
		};
		C11CDFB32900E78100940210 /* Debug */ = {
			isa = XCBuildConfiguration;
			buildSettings = {
				ASSETCATALOG_COMPILER_APPICON_NAME = AppIcon;
				ASSETCATALOG_COMPILER_GLOBAL_ACCENT_COLOR_NAME = AccentColor;
				CODE_SIGN_STYLE = Manual;
				CURRENT_PROJECT_VERSION = 1;
				DEVELOPMENT_ASSET_PATHS = "\"EmoticonViewApp/Preview Content\"";
				DEVELOPMENT_TEAM = "";
				ENABLE_PREVIEWS = YES;
				GENERATE_INFOPLIST_FILE = YES;
				INFOPLIST_FILE = EmoticonViewApp/Info.plist;
				INFOPLIST_KEY_UIApplicationSceneManifest_Generation = YES;
				INFOPLIST_KEY_UIApplicationSupportsIndirectInputEvents = YES;
				INFOPLIST_KEY_UILaunchScreen_Generation = YES;
				INFOPLIST_KEY_UISupportedInterfaceOrientations_iPad = "UIInterfaceOrientationPortrait UIInterfaceOrientationPortraitUpsideDown UIInterfaceOrientationLandscapeLeft UIInterfaceOrientationLandscapeRight";
				INFOPLIST_KEY_UISupportedInterfaceOrientations_iPhone = "UIInterfaceOrientationPortrait UIInterfaceOrientationLandscapeLeft UIInterfaceOrientationLandscapeRight";
				IPHONEOS_DEPLOYMENT_TARGET = 14.0;
				LD_RUNPATH_SEARCH_PATHS = (
					"$(inherited)",
					"@executable_path/Frameworks",
				);
				MARKETING_VERSION = 1.0;
				PRODUCT_BUNDLE_IDENTIFIER = com.thlee.EmoticonViewApp;
				PRODUCT_NAME = "$(TARGET_NAME)";
				PROVISIONING_PROFILE_SPECIFIER = "";
				SWIFT_EMIT_LOC_STRINGS = YES;
				SWIFT_VERSION = 5.0;
				TARGETED_DEVICE_FAMILY = "1,2";
			};
			name = Debug;
		};
		C11CDFB42900E78100940210 /* Release */ = {
			isa = XCBuildConfiguration;
			buildSettings = {
				ASSETCATALOG_COMPILER_APPICON_NAME = AppIcon;
				ASSETCATALOG_COMPILER_GLOBAL_ACCENT_COLOR_NAME = AccentColor;
				CODE_SIGN_STYLE = Manual;
				CURRENT_PROJECT_VERSION = 1;
				DEVELOPMENT_ASSET_PATHS = "\"EmoticonViewApp/Preview Content\"";
				DEVELOPMENT_TEAM = "";
				ENABLE_PREVIEWS = YES;
				GENERATE_INFOPLIST_FILE = YES;
				INFOPLIST_FILE = EmoticonViewApp/Info.plist;
				INFOPLIST_KEY_UIApplicationSceneManifest_Generation = YES;
				INFOPLIST_KEY_UIApplicationSupportsIndirectInputEvents = YES;
				INFOPLIST_KEY_UILaunchScreen_Generation = YES;
				INFOPLIST_KEY_UISupportedInterfaceOrientations_iPad = "UIInterfaceOrientationPortrait UIInterfaceOrientationPortraitUpsideDown UIInterfaceOrientationLandscapeLeft UIInterfaceOrientationLandscapeRight";
				INFOPLIST_KEY_UISupportedInterfaceOrientations_iPhone = "UIInterfaceOrientationPortrait UIInterfaceOrientationLandscapeLeft UIInterfaceOrientationLandscapeRight";
				IPHONEOS_DEPLOYMENT_TARGET = 14.0;
				LD_RUNPATH_SEARCH_PATHS = (
					"$(inherited)",
					"@executable_path/Frameworks",
				);
				MARKETING_VERSION = 1.0;
				PRODUCT_BUNDLE_IDENTIFIER = com.thlee.EmoticonViewApp;
				PRODUCT_NAME = "$(TARGET_NAME)";
				PROVISIONING_PROFILE_SPECIFIER = "";
				SWIFT_EMIT_LOC_STRINGS = YES;
				SWIFT_VERSION = 5.0;
				TARGETED_DEVICE_FAMILY = "1,2";
			};
			name = Release;
		};
/* End XCBuildConfiguration section */

/* Begin XCConfigurationList section */
		C11CDF9F2900E78000940210 /* Build configuration list for PBXProject "EmoticonViewApp" */ = {
			isa = XCConfigurationList;
			buildConfigurations = (
				C11CDFB02900E78100940210 /* Debug */,
				C11CDFB12900E78100940210 /* Release */,
			);
			defaultConfigurationIsVisible = 0;
			defaultConfigurationName = Release;
		};
		C11CDFB22900E78100940210 /* Build configuration list for PBXNativeTarget "EmoticonViewApp" */ = {
			isa = XCConfigurationList;
			buildConfigurations = (
				C11CDFB32900E78100940210 /* Debug */,
				C11CDFB42900E78100940210 /* Release */,
			);
			defaultConfigurationIsVisible = 0;
			defaultConfigurationName = Release;
		};
/* End XCConfigurationList section */

/* Begin XCRemoteSwiftPackageReference section */
		C11CDFC12901319900940210 /* XCRemoteSwiftPackageReference "SDWebImageSwiftUI" */ = {
			isa = XCRemoteSwiftPackageReference;
			repositoryURL = "https://github.com/SDWebImage/SDWebImageSwiftUI.git";
			requirement = {
				branch = master;
				kind = branch;
			};
		};
/* End XCRemoteSwiftPackageReference section */

/* Begin XCSwiftPackageProductDependency section */
		C11CDFC22901319900940210 /* SDWebImageSwiftUI */ = {
			isa = XCSwiftPackageProductDependency;
			package = C11CDFC12901319900940210 /* XCRemoteSwiftPackageReference "SDWebImageSwiftUI" */;
			productName = SDWebImageSwiftUI;
		};
/* End XCSwiftPackageProductDependency section */
	};
	rootObject = C11CDF9C2900E78000940210 /* Project object */;
}
